
Microsoft Visual Studio Solution File, Format Version 12.00
# Visual Studio Version 17
VisualStudioVersion = 17.5.33414.496
MinimumVisualStudioVersion = 10.0.40219.1
Project("{FAE04EC0-301F-11D3-BF4B-00C04F79EFBC}") = "projekat-2026-Lazar_GospicA", "projekat-2026-Lazar_GospicA.csproj", "{67309766-BB32-4733-AE22-7275566E177C}"
EndProject
Global
	GlobalSection(SolutionConfigurationPlatforms) = preSolution
		Debug|Any CPU = Debug|Any CPU
		Release|Any CPU = Release|Any CPU
	EndGlobalSection
	GlobalSection(ProjectConfigurationPlatforms) = postSolution
		{67309766-BB32-4733-AE22-7275566E177C}.Debug|Any CPU.ActiveCfg = Debug|Any CPU
		{67309766-BB32-4733-AE22-7275566E177C}.Debug|Any CPU.Build.0 = Debug|Any CPU
		{67309766-BB32-4733-AE22-7275566E177C}.Release|Any CPU.ActiveCfg = Release|Any CPU
		{67309766-BB32-4733-AE22-7275566E177C}.Release|Any CPU.Build.0 = Release|Any CPU
	EndGlobalSection
	GlobalSection(SolutionProperties) = preSolution
		HideSolutionNode = FALSE
	EndGlobalSection
	GlobalSection(ExtensibilityGlobals) = postSolution
		SolutionGuid = {1519DA92-C7C4-407A-A19D-41E523FD5217}
	EndGlobalSection
EndGlobal
